
Microsoft Visual Studio Solution File, Format Version 12.00
# Visual Studio 14
VisualStudioVersion = 14.0.25420.1
MinimumVisualStudioVersion = 10.0.40219.1
Project("{FAE04EC0-301F-11D3-BF4B-00C04F79EFBC}") = "Speeltje", "Speeltje\Speeltje\Speeltje.csproj", "{2AC2355F-F4D8-47D5-BD34-F70EB33693F6}"
EndProject
Project("{FAE04EC0-301F-11D3-BF4B-00C04F79EFBC}") = "Speeltje.Droid", "Speeltje\Speeltje.Droid\Speeltje.Droid.csproj", "{38545B49-5E84-4095-8C69-6ABA03A75611}"
EndProject
Project("{FAE04EC0-301F-11D3-BF4B-00C04F79EFBC}") = "Speeltje.iOS", "Speeltje\Speeltje.iOS\Speeltje.iOS.csproj", "{3CEC55A3-7698-4B30-837F-7614F324B038}"
EndProject
Project("{FAE04EC0-301F-11D3-BF4B-00C04F79EFBC}") = "Speeltje.UWP", "Speeltje\Speeltje.UWP\Speeltje.UWP.csproj", "{96666CE5-8376-4949-A36E-5E44084C23AF}"
EndProject
Project("{8BB2217D-0F2D-49D1-97BC-3654ED321F3B}") = "zingeving.core", "D:\VSProject\zingeving.core\zingeving.core.xproj", "{7676FD87-478C-4A7E-BF16-2B3292FE7DA8}"
EndProject
Global
	GlobalSection(SolutionConfigurationPlatforms) = preSolution
		Ad-Hoc|Any CPU = Ad-Hoc|Any CPU
		Ad-Hoc|ARM = Ad-Hoc|ARM
		Ad-Hoc|iPhone = Ad-Hoc|iPhone
		Ad-Hoc|iPhoneSimulator = Ad-Hoc|iPhoneSimulator
		Ad-Hoc|x64 = Ad-Hoc|x64
		Ad-Hoc|x86 = Ad-Hoc|x86
		AppStore|Any CPU = AppStore|Any CPU
		AppStore|ARM = AppStore|ARM
		AppStore|iPhone = AppStore|iPhone
		AppStore|iPhoneSimulator = AppStore|iPhoneSimulator
		AppStore|x64 = AppStore|x64
		AppStore|x86 = AppStore|x86
		Debug|Any CPU = Debug|Any CPU
		Debug|ARM = Debug|ARM
		Debug|iPhone = Debug|iPhone
		Debug|iPhoneSimulator = Debug|iPhoneSimulator
		Debug|x64 = Debug|x64
		Debug|x86 = Debug|x86
		Release|Any CPU = Release|Any CPU
		Release|ARM = Release|ARM
		Release|iPhone = Release|iPhone
		Release|iPhoneSimulator = Release|iPhoneSimulator
		Release|x64 = Release|x64
		Release|x86 = Release|x86
	EndGlobalSection
	GlobalSection(ProjectConfigurationPlatforms) = postSolution
		{2AC2355F-F4D8-47D5-BD34-F70EB33693F6}.Ad-Hoc|Any CPU.ActiveCfg = Release|Any CPU
		{2AC2355F-F4D8-47D5-BD34-F70EB33693F6}.Ad-Hoc|Any CPU.Build.0 = Release|Any CPU
		{2AC2355F-F4D8-47D5-BD34-F70EB33693F6}.Ad-Hoc|ARM.ActiveCfg = Release|Any CPU
		{2AC2355F-F4D8-47D5-BD34-F70EB33693F6}.Ad-Hoc|ARM.Build.0 = Release|Any CPU
		{2AC2355F-F4D8-47D5-BD34-F70EB33693F6}.Ad-Hoc|iPhone.ActiveCfg = Release|Any CPU
		{2AC2355F-F4D8-47D5-BD34-F70EB33693F6}.Ad-Hoc|iPhone.Build.0 = Release|Any CPU
		{2AC2355F-F4D8-47D5-BD34-F70EB33693F6}.Ad-Hoc|iPhoneSimulator.ActiveCfg = Release|Any CPU
		{2AC2355F-F4D8-47D5-BD34-F70EB33693F6}.Ad-Hoc|iPhoneSimulator.Build.0 = Release|Any CPU
		{2AC2355F-F4D8-47D5-BD34-F70EB33693F6}.Ad-Hoc|x64.ActiveCfg = Release|Any CPU
		{2AC2355F-F4D8-47D5-BD34-F70EB33693F6}.Ad-Hoc|x64.Build.0 = Release|Any CPU
		{2AC2355F-F4D8-47D5-BD34-F70EB33693F6}.Ad-Hoc|x86.ActiveCfg = Release|Any CPU
		{2AC2355F-F4D8-47D5-BD34-F70EB33693F6}.Ad-Hoc|x86.Build.0 = Release|Any CPU
		{2AC2355F-F4D8-47D5-BD34-F70EB33693F6}.AppStore|Any CPU.ActiveCfg = Release|Any CPU
		{2AC2355F-F4D8-47D5-BD34-F70EB33693F6}.AppStore|Any CPU.Build.0 = Release|Any CPU
		{2AC2355F-F4D8-47D5-BD34-F70EB33693F6}.AppStore|ARM.ActiveCfg = Release|Any CPU
		{2AC2355F-F4D8-47D5-BD34-F70EB33693F6}.AppStore|ARM.Build.0 = Release|Any CPU
		{2AC2355F-F4D8-47D5-BD34-F70EB33693F6}.AppStore|iPhone.ActiveCfg = Release|Any CPU
		{2AC2355F-F4D8-47D5-BD34-F70EB33693F6}.AppStore|iPhone.Build.0 = Release|Any CPU
		{2AC2355F-F4D8-47D5-BD34-F70EB33693F6}.AppStore|iPhoneSimulator.ActiveCfg = Release|Any CPU
		{2AC2355F-F4D8-47D5-BD34-F70EB33693F6}.AppStore|iPhoneSimulator.Build.0 = Release|Any CPU
		{2AC2355F-F4D8-47D5-BD34-F70EB33693F6}.AppStore|x64.ActiveCfg = Release|Any CPU
		{2AC2355F-F4D8-47D5-BD34-F70EB33693F6}.AppStore|x64.Build.0 = Release|Any CPU
		{2AC2355F-F4D8-47D5-BD34-F70EB33693F6}.AppStore|x86.ActiveCfg = Release|Any CPU
		{2AC2355F-F4D8-47D5-BD34-F70EB33693F6}.AppStore|x86.Build.0 = Release|Any CPU
		{2AC2355F-F4D8-47D5-BD34-F70EB33693F6}.Debug|Any CPU.ActiveCfg = Debug|Any CPU
		{2AC2355F-F4D8-47D5-BD34-F70EB33693F6}.Debug|Any CPU.Build.0 = Debug|Any CPU
		{2AC2355F-F4D8-47D5-BD34-F70EB33693F6}.Debug|ARM.ActiveCfg = Debug|Any CPU
		{2AC2355F-F4D8-47D5-BD34-F70EB33693F6}.Debug|ARM.Build.0 = Debug|Any CPU
		{2AC2355F-F4D8-47D5-BD34-F70EB33693F6}.Debug|iPhone.ActiveCfg = Debug|Any CPU
		{2AC2355F-F4D8-47D5-BD34-F70EB33693F6}.Debug|iPhone.Build.0 = Debug|Any CPU
		{2AC2355F-F4D8-47D5-BD34-F70EB33693F6}.Debug|iPhoneSimulator.ActiveCfg = Debug|Any CPU
		{2AC2355F-F4D8-47D5-BD34-F70EB33693F6}.Debug|iPhoneSimulator.Build.0 = Debug|Any CPU
		{2AC2355F-F4D8-47D5-BD34-F70EB33693F6}.Debug|x64.ActiveCfg = Debug|Any CPU
		{2AC2355F-F4D8-47D5-BD34-F70EB33693F6}.Debug|x64.Build.0 = Debug|Any CPU
		{2AC2355F-F4D8-47D5-BD34-F70EB33693F6}.Debug|x86.ActiveCfg = Debug|Any CPU
		{2AC2355F-F4D8-47D5-BD34-F70EB33693F6}.Debug|x86.Build.0 = Debug|Any CPU
		{2AC2355F-F4D8-47D5-BD34-F70EB33693F6}.Release|Any CPU.ActiveCfg = Release|Any CPU
		{2AC2355F-F4D8-47D5-BD34-F70EB33693F6}.Release|Any CPU.Build.0 = Release|Any CPU
		{2AC2355F-F4D8-47D5-BD34-F70EB33693F6}.Release|ARM.ActiveCfg = Release|Any CPU
		{2AC2355F-F4D8-47D5-BD34-F70EB33693F6}.Release|ARM.Build.0 = Release|Any CPU
		{2AC2355F-F4D8-47D5-BD34-F70EB33693F6}.Release|iPhone.ActiveCfg = Release|Any CPU
		{2AC2355F-F4D8-47D5-BD34-F70EB33693F6}.Release|iPhone.Build.0 = Release|Any CPU
		{2AC2355F-F4D8-47D5-BD34-F70EB33693F6}.Release|iPhoneSimulator.ActiveCfg = Release|Any CPU
		{2AC2355F-F4D8-47D5-BD34-F70EB33693F6}.Release|iPhoneSimulator.Build.0 = Release|Any CPU
		{2AC2355F-F4D8-47D5-BD34-F70EB33693F6}.Release|x64.ActiveCfg = Release|Any CPU
		{2AC2355F-F4D8-47D5-BD34-F70EB33693F6}.Release|x64.Build.0 = Release|Any CPU
		{2AC2355F-F4D8-47D5-BD34-F70EB33693F6}.Release|x86.ActiveCfg = Release|Any CPU
		{2AC2355F-F4D8-47D5-BD34-F70EB33693F6}.Release|x86.Build.0 = Release|Any CPU
		{38545B49-5E84-4095-8C69-6ABA03A75611}.Ad-Hoc|Any CPU.ActiveCfg = Release|Any CPU
		{38545B49-5E84-4095-8C69-6ABA03A75611}.Ad-Hoc|Any CPU.Build.0 = Release|Any CPU
		{38545B49-5E84-4095-8C69-6ABA03A75611}.Ad-Hoc|Any CPU.Deploy.0 = Release|Any CPU
		{38545B49-5E84-4095-8C69-6ABA03A75611}.Ad-Hoc|ARM.ActiveCfg = Release|Any CPU
		{38545B49-5E84-4095-8C69-6ABA03A75611}.Ad-Hoc|ARM.Build.0 = Release|Any CPU
		{38545B49-5E84-4095-8C69-6ABA03A75611}.Ad-Hoc|ARM.Deploy.0 = Release|Any CPU
		{38545B49-5E84-4095-8C69-6ABA03A75611}.Ad-Hoc|iPhone.ActiveCfg = Release|Any CPU
		{38545B49-5E84-4095-8C69-6ABA03A75611}.Ad-Hoc|iPhone.Build.0 = Release|Any CPU
		{38545B49-5E84-4095-8C69-6ABA03A75611}.Ad-Hoc|iPhone.Deploy.0 = Release|Any CPU
		{38545B49-5E84-4095-8C69-6ABA03A75611}.Ad-Hoc|iPhoneSimulator.ActiveCfg = Release|Any CPU
		{38545B49-5E84-4095-8C69-6ABA03A75611}.Ad-Hoc|iPhoneSimulator.Build.0 = Release|Any CPU
		{38545B49-5E84-4095-8C69-6ABA03A75611}.Ad-Hoc|iPhoneSimulator.Deploy.0 = Release|Any CPU
		{38545B49-5E84-4095-8C69-6ABA03A75611}.Ad-Hoc|x64.ActiveCfg = Release|Any CPU
		{38545B49-5E84-4095-8C69-6ABA03A75611}.Ad-Hoc|x64.Build.0 = Release|Any CPU
		{38545B49-5E84-4095-8C69-6ABA03A75611}.Ad-Hoc|x64.Deploy.0 = Release|Any CPU
		{38545B49-5E84-4095-8C69-6ABA03A75611}.Ad-Hoc|x86.ActiveCfg = Release|Any CPU
		{38545B49-5E84-4095-8C69-6ABA03A75611}.Ad-Hoc|x86.Build.0 = Release|Any CPU
		{38545B49-5E84-4095-8C69-6ABA03A75611}.Ad-Hoc|x86.Deploy.0 = Release|Any CPU
		{38545B49-5E84-4095-8C69-6ABA03A75611}.AppStore|Any CPU.ActiveCfg = Release|Any CPU
		{38545B49-5E84-4095-8C69-6ABA03A75611}.AppStore|Any CPU.Build.0 = Release|Any CPU
		{38545B49-5E84-4095-8C69-6ABA03A75611}.AppStore|Any CPU.Deploy.0 = Release|Any CPU
		{38545B49-5E84-4095-8C69-6ABA03A75611}.AppStore|ARM.ActiveCfg = Release|Any CPU
		{38545B49-5E84-4095-8C69-6ABA03A75611}.AppStore|ARM.Build.0 = Release|Any CPU
		{38545B49-5E84-4095-8C69-6ABA03A75611}.AppStore|ARM.Deploy.0 = Release|Any CPU
		{38545B49-5E84-4095-8C69-6ABA03A75611}.AppStore|iPhone.ActiveCfg = Release|Any CPU
		{38545B49-5E84-4095-8C69-6ABA03A75611}.AppStore|iPhone.Build.0 = Release|Any CPU
		{38545B49-5E84-4095-8C69-6ABA03A75611}.AppStore|iPhone.Deploy.0 = Release|Any CPU
		{38545B49-5E84-4095-8C69-6ABA03A75611}.AppStore|iPhoneSimulator.ActiveCfg = Release|Any CPU
		{38545B49-5E84-4095-8C69-6ABA03A75611}.AppStore|iPhoneSimulator.Build.0 = Release|Any CPU
		{38545B49-5E84-4095-8C69-6ABA03A75611}.AppStore|iPhoneSimulator.Deploy.0 = Release|Any CPU
		{38545B49-5E84-4095-8C69-6ABA03A75611}.AppStore|x64.ActiveCfg = Release|Any CPU
		{38545B49-5E84-4095-8C69-6ABA03A75611}.AppStore|x64.Build.0 = Release|Any CPU
		{38545B49-5E84-4095-8C69-6ABA03A75611}.AppStore|x64.Deploy.0 = Release|Any CPU
		{38545B49-5E84-4095-8C69-6ABA03A75611}.AppStore|x86.ActiveCfg = Release|Any CPU
		{38545B49-5E84-4095-8C69-6ABA03A75611}.AppStore|x86.Build.0 = Release|Any CPU
		{38545B49-5E84-4095-8C69-6ABA03A75611}.AppStore|x86.Deploy.0 = Release|Any CPU
		{38545B49-5E84-4095-8C69-6ABA03A75611}.Debug|Any CPU.ActiveCfg = Debug|Any CPU
		{38545B49-5E84-4095-8C69-6ABA03A75611}.Debug|Any CPU.Build.0 = Debug|Any CPU
		{38545B49-5E84-4095-8C69-6ABA03A75611}.Debug|Any CPU.Deploy.0 = Debug|Any CPU
		{38545B49-5E84-4095-8C69-6ABA03A75611}.Debug|ARM.ActiveCfg = Debug|Any CPU
		{38545B49-5E84-4095-8C69-6ABA03A75611}.Debug|ARM.Build.0 = Debug|Any CPU
		{38545B49-5E84-4095-8C69-6ABA03A75611}.Debug|ARM.Deploy.0 = Debug|Any CPU
		{38545B49-5E84-4095-8C69-6ABA03A75611}.Debug|iPhone.ActiveCfg = Debug|Any CPU
		{38545B49-5E84-4095-8C69-6ABA03A75611}.Debug|iPhone.Build.0 = Debug|Any CPU
		{38545B49-5E84-4095-8C69-6ABA03A75611}.Debug|iPhone.Deploy.0 = Debug|Any CPU
		{38545B49-5E84-4095-8C69-6ABA03A75611}.Debug|iPhoneSimulator.ActiveCfg = Debug|Any CPU
		{38545B49-5E84-4095-8C69-6ABA03A75611}.Debug|iPhoneSimulator.Build.0 = Debug|Any CPU
		{38545B49-5E84-4095-8C69-6ABA03A75611}.Debug|iPhoneSimulator.Deploy.0 = Debug|Any CPU
		{38545B49-5E84-4095-8C69-6ABA03A75611}.Debug|x64.ActiveCfg = Debug|Any CPU
		{38545B49-5E84-4095-8C69-6ABA03A75611}.Debug|x64.Build.0 = Debug|Any CPU
		{38545B49-5E84-4095-8C69-6ABA03A75611}.Debug|x64.Deploy.0 = Debug|Any CPU
		{38545B49-5E84-4095-8C69-6ABA03A75611}.Debug|x86.ActiveCfg = Debug|Any CPU
		{38545B49-5E84-4095-8C69-6ABA03A75611}.Debug|x86.Build.0 = Debug|Any CPU
		{38545B49-5E84-4095-8C69-6ABA03A75611}.Debug|x86.Deploy.0 = Debug|Any CPU
		{38545B49-5E84-4095-8C69-6ABA03A75611}.Release|Any CPU.ActiveCfg = Release|Any CPU
		{38545B49-5E84-4095-8C69-6ABA03A75611}.Release|Any CPU.Build.0 = Release|Any CPU
		{38545B49-5E84-4095-8C69-6ABA03A75611}.Release|Any CPU.Deploy.0 = Release|Any CPU
		{38545B49-5E84-4095-8C69-6ABA03A75611}.Release|ARM.ActiveCfg = Release|Any CPU
		{38545B49-5E84-4095-8C69-6ABA03A75611}.Release|ARM.Build.0 = Release|Any CPU
		{38545B49-5E84-4095-8C69-6ABA03A75611}.Release|ARM.Deploy.0 = Release|Any CPU
		{38545B49-5E84-4095-8C69-6ABA03A75611}.Release|iPhone.ActiveCfg = Release|Any CPU
		{38545B49-5E84-4095-8C69-6ABA03A75611}.Release|iPhone.Build.0 = Release|Any CPU
		{38545B49-5E84-4095-8C69-6ABA03A75611}.Release|iPhone.Deploy.0 = Release|Any CPU
		{38545B49-5E84-4095-8C69-6ABA03A75611}.Release|iPhoneSimulator.ActiveCfg = Release|Any CPU
		{38545B49-5E84-4095-8C69-6ABA03A75611}.Release|iPhoneSimulator.Build.0 = Release|Any CPU
		{38545B49-5E84-4095-8C69-6ABA03A75611}.Release|iPhoneSimulator.Deploy.0 = Release|Any CPU
		{38545B49-5E84-4095-8C69-6ABA03A75611}.Release|x64.ActiveCfg = Release|Any CPU
		{38545B49-5E84-4095-8C69-6ABA03A75611}.Release|x64.Build.0 = Release|Any CPU
		{38545B49-5E84-4095-8C69-6ABA03A75611}.Release|x64.Deploy.0 = Release|Any CPU
		{38545B49-5E84-4095-8C69-6ABA03A75611}.Release|x86.ActiveCfg = Release|Any CPU
		{38545B49-5E84-4095-8C69-6ABA03A75611}.Release|x86.Build.0 = Release|Any CPU
		{38545B49-5E84-4095-8C69-6ABA03A75611}.Release|x86.Deploy.0 = Release|Any CPU
		{3CEC55A3-7698-4B30-837F-7614F324B038}.Ad-Hoc|Any CPU.ActiveCfg = Ad-Hoc|iPhone
		{3CEC55A3-7698-4B30-837F-7614F324B038}.Ad-Hoc|ARM.ActiveCfg = Ad-Hoc|iPhone
		{3CEC55A3-7698-4B30-837F-7614F324B038}.Ad-Hoc|iPhone.ActiveCfg = Ad-Hoc|iPhone
		{3CEC55A3-7698-4B30-837F-7614F324B038}.Ad-Hoc|iPhone.Build.0 = Ad-Hoc|iPhone
		{3CEC55A3-7698-4B30-837F-7614F324B038}.Ad-Hoc|iPhoneSimulator.ActiveCfg = Ad-Hoc|iPhoneSimulator
		{3CEC55A3-7698-4B30-837F-7614F324B038}.Ad-Hoc|iPhoneSimulator.Build.0 = Ad-Hoc|iPhoneSimulator
		{3CEC55A3-7698-4B30-837F-7614F324B038}.Ad-Hoc|x64.ActiveCfg = Ad-Hoc|iPhone
		{3CEC55A3-7698-4B30-837F-7614F324B038}.Ad-Hoc|x86.ActiveCfg = Ad-Hoc|iPhone
		{3CEC55A3-7698-4B30-837F-7614F324B038}.AppStore|Any CPU.ActiveCfg = AppStore|iPhone
		{3CEC55A3-7698-4B30-837F-7614F324B038}.AppStore|ARM.ActiveCfg = AppStore|iPhone
		{3CEC55A3-7698-4B30-837F-7614F324B038}.AppStore|iPhone.ActiveCfg = AppStore|iPhone
		{3CEC55A3-7698-4B30-837F-7614F324B038}.AppStore|iPhone.Build.0 = AppStore|iPhone
		{3CEC55A3-7698-4B30-837F-7614F324B038}.AppStore|iPhoneSimulator.ActiveCfg = AppStore|iPhoneSimulator
		{3CEC55A3-7698-4B30-837F-7614F324B038}.AppStore|iPhoneSimulator.Build.0 = AppStore|iPhoneSimulator
		{3CEC55A3-7698-4B30-837F-7614F324B038}.AppStore|x64.ActiveCfg = AppStore|iPhone
		{3CEC55A3-7698-4B30-837F-7614F324B038}.AppStore|x86.ActiveCfg = AppStore|iPhone
		{3CEC55A3-7698-4B30-837F-7614F324B038}.Debug|Any CPU.ActiveCfg = Debug|iPhone
		{3CEC55A3-7698-4B30-837F-7614F324B038}.Debug|ARM.ActiveCfg = Debug|iPhone
		{3CEC55A3-7698-4B30-837F-7614F324B038}.Debug|iPhone.ActiveCfg = Debug|iPhone
		{3CEC55A3-7698-4B30-837F-7614F324B038}.Debug|iPhone.Build.0 = Debug|iPhone
		{3CEC55A3-7698-4B30-837F-7614F324B038}.Debug|iPhoneSimulator.ActiveCfg = Debug|iPhoneSimulator
		{3CEC55A3-7698-4B30-837F-7614F324B038}.Debug|iPhoneSimulator.Build.0 = Debug|iPhoneSimulator
		{3CEC55A3-7698-4B30-837F-7614F324B038}.Debug|x64.ActiveCfg = Debug|iPhone
		{3CEC55A3-7698-4B30-837F-7614F324B038}.Debug|x86.ActiveCfg = Debug|iPhone
		{3CEC55A3-7698-4B30-837F-7614F324B038}.Release|Any CPU.ActiveCfg = Release|iPhone
		{3CEC55A3-7698-4B30-837F-7614F324B038}.Release|ARM.ActiveCfg = Release|iPhone
		{3CEC55A3-7698-4B30-837F-7614F324B038}.Release|iPhone.ActiveCfg = Release|iPhone
		{3CEC55A3-7698-4B30-837F-7614F324B038}.Release|iPhone.Build.0 = Release|iPhone
		{3CEC55A3-7698-4B30-837F-7614F324B038}.Release|iPhoneSimulator.ActiveCfg = Release|iPhoneSimulator
		{3CEC55A3-7698-4B30-837F-7614F324B038}.Release|iPhoneSimulator.Build.0 = Release|iPhoneSimulator
		{3CEC55A3-7698-4B30-837F-7614F324B038}.Release|x64.ActiveCfg = Release|iPhone
		{3CEC55A3-7698-4B30-837F-7614F324B038}.Release|x86.ActiveCfg = Release|iPhone
		{96666CE5-8376-4949-A36E-5E44084C23AF}.Ad-Hoc|Any CPU.ActiveCfg = Release|x86
		{96666CE5-8376-4949-A36E-5E44084C23AF}.Ad-Hoc|Any CPU.Build.0 = Release|x86
		{96666CE5-8376-4949-A36E-5E44084C23AF}.Ad-Hoc|Any CPU.Deploy.0 = Release|x86
		{96666CE5-8376-4949-A36E-5E44084C23AF}.Ad-Hoc|ARM.ActiveCfg = Release|ARM
		{96666CE5-8376-4949-A36E-5E44084C23AF}.Ad-Hoc|ARM.Build.0 = Release|ARM
		{96666CE5-8376-4949-A36E-5E44084C23AF}.Ad-Hoc|ARM.Deploy.0 = Release|ARM
		{96666CE5-8376-4949-A36E-5E44084C23AF}.Ad-Hoc|iPhone.ActiveCfg = Release|x86
		{96666CE5-8376-4949-A36E-5E44084C23AF}.Ad-Hoc|iPhone.Build.0 = Release|x86
		{96666CE5-8376-4949-A36E-5E44084C23AF}.Ad-Hoc|iPhone.Deploy.0 = Release|x86
		{96666CE5-8376-4949-A36E-5E44084C23AF}.Ad-Hoc|iPhoneSimulator.ActiveCfg = Release|x86
		{96666CE5-8376-4949-A36E-5E44084C23AF}.Ad-Hoc|iPhoneSimulator.Build.0 = Release|x86
		{96666CE5-8376-4949-A36E-5E44084C23AF}.Ad-Hoc|iPhoneSimulator.Deploy.0 = Release|x86
		{96666CE5-8376-4949-A36E-5E44084C23AF}.Ad-Hoc|x64.ActiveCfg = Release|x64
		{96666CE5-8376-4949-A36E-5E44084C23AF}.Ad-Hoc|x64.Build.0 = Release|x64
		{96666CE5-8376-4949-A36E-5E44084C23AF}.Ad-Hoc|x64.Deploy.0 = Release|x64
		{96666CE5-8376-4949-A36E-5E44084C23AF}.Ad-Hoc|x86.ActiveCfg = Release|x86
		{96666CE5-8376-4949-A36E-5E44084C23AF}.Ad-Hoc|x86.Build.0 = Release|x86
		{96666CE5-8376-4949-A36E-5E44084C23AF}.Ad-Hoc|x86.Deploy.0 = Release|x86
		{96666CE5-8376-4949-A36E-5E44084C23AF}.AppStore|Any CPU.ActiveCfg = Release|x86
		{96666CE5-8376-4949-A36E-5E44084C23AF}.AppStore|Any CPU.Build.0 = Release|x86
		{96666CE5-8376-4949-A36E-5E44084C23AF}.AppStore|Any CPU.Deploy.0 = Release|x86
		{96666CE5-8376-4949-A36E-5E44084C23AF}.AppStore|ARM.ActiveCfg = Release|ARM
		{96666CE5-8376-4949-A36E-5E44084C23AF}.AppStore|ARM.Build.0 = Release|ARM
		{96666CE5-8376-4949-A36E-5E44084C23AF}.AppStore|ARM.Deploy.0 = Release|ARM
		{96666CE5-8376-4949-A36E-5E44084C23AF}.AppStore|iPhone.ActiveCfg = Release|x86
		{96666CE5-8376-4949-A36E-5E44084C23AF}.AppStore|iPhone.Build.0 = Release|x86
		{96666CE5-8376-4949-A36E-5E44084C23AF}.AppStore|iPhone.Deploy.0 = Release|x86
		{96666CE5-8376-4949-A36E-5E44084C23AF}.AppStore|iPhoneSimulator.ActiveCfg = Release|x86
		{96666CE5-8376-4949-A36E-5E44084C23AF}.AppStore|iPhoneSimulator.Build.0 = Release|x86
		{96666CE5-8376-4949-A36E-5E44084C23AF}.AppStore|iPhoneSimulator.Deploy.0 = Release|x86
		{96666CE5-8376-4949-A36E-5E44084C23AF}.AppStore|x64.ActiveCfg = Release|x64
		{96666CE5-8376-4949-A36E-5E44084C23AF}.AppStore|x64.Build.0 = Release|x64
		{96666CE5-8376-4949-A36E-5E44084C23AF}.AppStore|x64.Deploy.0 = Release|x64
		{96666CE5-8376-4949-A36E-5E44084C23AF}.AppStore|x86.ActiveCfg = Release|x86
		{96666CE5-8376-4949-A36E-5E44084C23AF}.AppStore|x86.Build.0 = Release|x86
		{96666CE5-8376-4949-A36E-5E44084C23AF}.AppStore|x86.Deploy.0 = Release|x86
		{96666CE5-8376-4949-A36E-5E44084C23AF}.Debug|Any CPU.ActiveCfg = Debug|x86
		{96666CE5-8376-4949-A36E-5E44084C23AF}.Debug|ARM.ActiveCfg = Debug|ARM
		{96666CE5-8376-4949-A36E-5E44084C23AF}.Debug|ARM.Build.0 = Debug|ARM
		{96666CE5-8376-4949-A36E-5E44084C23AF}.Debug|ARM.Deploy.0 = Debug|ARM
		{96666CE5-8376-4949-A36E-5E44084C23AF}.Debug|iPhone.ActiveCfg = Debug|x86
		{96666CE5-8376-4949-A36E-5E44084C23AF}.Debug|iPhoneSimulator.ActiveCfg = Debug|x86
		{96666CE5-8376-4949-A36E-5E44084C23AF}.Debug|x64.ActiveCfg = Debug|x64
		{96666CE5-8376-4949-A36E-5E44084C23AF}.Debug|x64.Build.0 = Debug|x64
		{96666CE5-8376-4949-A36E-5E44084C23AF}.Debug|x64.Deploy.0 = Debug|x64
		{96666CE5-8376-4949-A36E-5E44084C23AF}.Debug|x86.ActiveCfg = Debug|x86
		{96666CE5-8376-4949-A36E-5E44084C23AF}.Debug|x86.Build.0 = Debug|x86
		{96666CE5-8376-4949-A36E-5E44084C23AF}.Debug|x86.Deploy.0 = Debug|x86
		{96666CE5-8376-4949-A36E-5E44084C23AF}.Release|Any CPU.ActiveCfg = Release|x86
		{96666CE5-8376-4949-A36E-5E44084C23AF}.Release|ARM.ActiveCfg = Release|ARM
		{96666CE5-8376-4949-A36E-5E44084C23AF}.Release|ARM.Build.0 = Release|ARM
		{96666CE5-8376-4949-A36E-5E44084C23AF}.Release|ARM.Deploy.0 = Release|ARM
		{96666CE5-8376-4949-A36E-5E44084C23AF}.Release|iPhone.ActiveCfg = Release|x86
		{96666CE5-8376-4949-A36E-5E44084C23AF}.Release|iPhoneSimulator.ActiveCfg = Release|x86
		{96666CE5-8376-4949-A36E-5E44084C23AF}.Release|x64.ActiveCfg = Release|x64
		{96666CE5-8376-4949-A36E-5E44084C23AF}.Release|x64.Build.0 = Release|x64
		{96666CE5-8376-4949-A36E-5E44084C23AF}.Release|x64.Deploy.0 = Release|x64
		{96666CE5-8376-4949-A36E-5E44084C23AF}.Release|x86.ActiveCfg = Release|x86
		{96666CE5-8376-4949-A36E-5E44084C23AF}.Release|x86.Build.0 = Release|x86
		{96666CE5-8376-4949-A36E-5E44084C23AF}.Release|x86.Deploy.0 = Release|x86
		{7676FD87-478C-4A7E-BF16-2B3292FE7DA8}.Ad-Hoc|Any CPU.ActiveCfg = Debug|Any CPU
		{7676FD87-478C-4A7E-BF16-2B3292FE7DA8}.Ad-Hoc|Any CPU.Build.0 = Debug|Any CPU
		{7676FD87-478C-4A7E-BF16-2B3292FE7DA8}.Ad-Hoc|ARM.ActiveCfg = Debug|Any CPU
		{7676FD87-478C-4A7E-BF16-2B3292FE7DA8}.Ad-Hoc|ARM.Build.0 = Debug|Any CPU
		{7676FD87-478C-4A7E-BF16-2B3292FE7DA8}.Ad-Hoc|iPhone.ActiveCfg = Debug|Any CPU
		{7676FD87-478C-4A7E-BF16-2B3292FE7DA8}.Ad-Hoc|iPhone.Build.0 = Debug|Any CPU
		{7676FD87-478C-4A7E-BF16-2B3292FE7DA8}.Ad-Hoc|iPhoneSimulator.ActiveCfg = Debug|Any CPU
		{7676FD87-478C-4A7E-BF16-2B3292FE7DA8}.Ad-Hoc|iPhoneSimulator.Build.0 = Debug|Any CPU
		{7676FD87-478C-4A7E-BF16-2B3292FE7DA8}.Ad-Hoc|x64.ActiveCfg = Debug|Any CPU
		{7676FD87-478C-4A7E-BF16-2B3292FE7DA8}.Ad-Hoc|x64.Build.0 = Debug|Any CPU
		{7676FD87-478C-4A7E-BF16-2B3292FE7DA8}.Ad-Hoc|x86.ActiveCfg = Debug|Any CPU
		{7676FD87-478C-4A7E-BF16-2B3292FE7DA8}.Ad-Hoc|x86.Build.0 = Debug|Any CPU
		{7676FD87-478C-4A7E-BF16-2B3292FE7DA8}.AppStore|Any CPU.ActiveCfg = Debug|Any CPU
		{7676FD87-478C-4A7E-BF16-2B3292FE7DA8}.AppStore|Any CPU.Build.0 = Debug|Any CPU
		{7676FD87-478C-4A7E-BF16-2B3292FE7DA8}.AppStore|ARM.ActiveCfg = Debug|Any CPU
		{7676FD87-478C-4A7E-BF16-2B3292FE7DA8}.AppStore|ARM.Build.0 = Debug|Any CPU
		{7676FD87-478C-4A7E-BF16-2B3292FE7DA8}.AppStore|iPhone.ActiveCfg = Debug|Any CPU
		{7676FD87-478C-4A7E-BF16-2B3292FE7DA8}.AppStore|iPhone.Build.0 = Debug|Any CPU
		{7676FD87-478C-4A7E-BF16-2B3292FE7DA8}.AppStore|iPhoneSimulator.ActiveCfg = Debug|Any CPU
		{7676FD87-478C-4A7E-BF16-2B3292FE7DA8}.AppStore|iPhoneSimulator.Build.0 = Debug|Any CPU
		{7676FD87-478C-4A7E-BF16-2B3292FE7DA8}.AppStore|x64.ActiveCfg = Debug|Any CPU
		{7676FD87-478C-4A7E-BF16-2B3292FE7DA8}.AppStore|x64.Build.0 = Debug|Any CPU
		{7676FD87-478C-4A7E-BF16-2B3292FE7DA8}.AppStore|x86.ActiveCfg = Debug|Any CPU
		{7676FD87-478C-4A7E-BF16-2B3292FE7DA8}.AppStore|x86.Build.0 = Debug|Any CPU
		{7676FD87-478C-4A7E-BF16-2B3292FE7DA8}.Debug|Any CPU.ActiveCfg = Debug|Any CPU
		{7676FD87-478C-4A7E-BF16-2B3292FE7DA8}.Debug|Any CPU.Build.0 = Debug|Any CPU
		{7676FD87-478C-4A7E-BF16-2B3292FE7DA8}.Debug|ARM.ActiveCfg = Debug|Any CPU
		{7676FD87-478C-4A7E-BF16-2B3292FE7DA8}.Debug|ARM.Build.0 = Debug|Any CPU
		{7676FD87-478C-4A7E-BF16-2B3292FE7DA8}.Debug|iPhone.ActiveCfg = Debug|Any CPU
		{7676FD87-478C-4A7E-BF16-2B3292FE7DA8}.Debug|iPhone.Build.0 = Debug|Any CPU
		{7676FD87-478C-4A7E-BF16-2B3292FE7DA8}.Debug|iPhoneSimulator.ActiveCfg = Debug|Any CPU
		{7676FD87-478C-4A7E-BF16-2B3292FE7DA8}.Debug|iPhoneSimulator.Build.0 = Debug|Any CPU
		{7676FD87-478C-4A7E-BF16-2B3292FE7DA8}.Debug|x64.ActiveCfg = Debug|Any CPU
		{7676FD87-478C-4A7E-BF16-2B3292FE7DA8}.Debug|x64.Build.0 = Debug|Any CPU
		{7676FD87-478C-4A7E-BF16-2B3292FE7DA8}.Debug|x86.ActiveCfg = Debug|Any CPU
		{7676FD87-478C-4A7E-BF16-2B3292FE7DA8}.Debug|x86.Build.0 = Debug|Any CPU
		{7676FD87-478C-4A7E-BF16-2B3292FE7DA8}.Release|Any CPU.ActiveCfg = Release|Any CPU
		{7676FD87-478C-4A7E-BF16-2B3292FE7DA8}.Release|Any CPU.Build.0 = Release|Any CPU
		{7676FD87-478C-4A7E-BF16-2B3292FE7DA8}.Release|ARM.ActiveCfg = Release|Any CPU
		{7676FD87-478C-4A7E-BF16-2B3292FE7DA8}.Release|ARM.Build.0 = Release|Any CPU
		{7676FD87-478C-4A7E-BF16-2B3292FE7DA8}.Release|iPhone.ActiveCfg = Release|Any CPU
		{7676FD87-478C-4A7E-BF16-2B3292FE7DA8}.Release|iPhone.Build.0 = Release|Any CPU
		{7676FD87-478C-4A7E-BF16-2B3292FE7DA8}.Release|iPhoneSimulator.ActiveCfg = Release|Any CPU
		{7676FD87-478C-4A7E-BF16-2B3292FE7DA8}.Release|iPhoneSimulator.Build.0 = Release|Any CPU
		{7676FD87-478C-4A7E-BF16-2B3292FE7DA8}.Release|x64.ActiveCfg = Release|Any CPU
		{7676FD87-478C-4A7E-BF16-2B3292FE7DA8}.Release|x64.Build.0 = Release|Any CPU
		{7676FD87-478C-4A7E-BF16-2B3292FE7DA8}.Release|x86.ActiveCfg = Release|Any CPU
		{7676FD87-478C-4A7E-BF16-2B3292FE7DA8}.Release|x86.Build.0 = Release|Any CPU
	EndGlobalSection
	GlobalSection(SolutionProperties) = preSolution
		HideSolutionNode = FALSE
	EndGlobalSection
EndGlobal
